// !$*UTF8*$!
{
	archiveVersion = 1;
	classes = {
	};
	objectVersion = 50;
	objects = {

/* Begin PBXBuildFile section */
		D7D39DA62624E9F400542A66 /* AppDelegate.swift in Sources */ = {isa = PBXBuildFile; fileRef = D7D39DA52624E9F400542A66 /* AppDelegate.swift */; };
		D7D39DA82624E9F400542A66 /* SceneDelegate.swift in Sources */ = {isa = PBXBuildFile; fileRef = D7D39DA72624E9F400542A66 /* SceneDelegate.swift */; };
		D7D39DAA2624E9F400542A66 /* ViewController.swift in Sources */ = {isa = PBXBuildFile; fileRef = D7D39DA92624E9F400542A66 /* ViewController.swift */; };
		D7D39DAD2624E9F400542A66 /* Main.storyboard in Resources */ = {isa = PBXBuildFile; fileRef = D7D39DAB2624E9F400542A66 /* Main.storyboard */; };
		D7D39DAF2624E9F700542A66 /* Assets.xcassets in Resources */ = {isa = PBXBuildFile; fileRef = D7D39DAE2624E9F700542A66 /* Assets.xcassets */; };
		D7D39DB22624E9F700542A66 /* LaunchScreen.storyboard in Resources */ = {isa = PBXBuildFile; fileRef = D7D39DB02624E9F700542A66 /* LaunchScreen.storyboard */; };
		D7D39DBC26259D7E00542A66 /* ListEmployeeViewController.swift in Sources */ = {isa = PBXBuildFile; fileRef = D7D39DBB26259D7E00542A66 /* ListEmployeeViewController.swift */; };
		D7D39DC02625A04200542A66 /* Person.swift in Sources */ = {isa = PBXBuildFile; fileRef = D7D39DBF2625A04200542A66 /* Person.swift */; };
		D7D39DC82626E2C000542A66 /* DitailsTableViewController.swift in Sources */ = {isa = PBXBuildFile; fileRef = D7D39DC72626E2C000542A66 /* DitailsTableViewController.swift */; };
		D7D39DCB2626EAFE00542A66 /* Manager.swift in Sources */ = {isa = PBXBuildFile; fileRef = D7D39DCA2626EAFE00542A66 /* Manager.swift */; };
		D7D39DD226276DF700542A66 /* DitailsViewController.swift in Sources */ = {isa = PBXBuildFile; fileRef = D7D39DD126276DF700542A66 /* DitailsViewController.swift */; };
/* End PBXBuildFile section */

/* Begin PBXFileReference section */
		D7D39DA22624E9F400542A66 /* randomEmployee.app */ = {isa = PBXFileReference; explicitFileType = wrapper.application; includeInIndex = 0; path = randomEmployee.app; sourceTree = BUILT_PRODUCTS_DIR; };
		D7D39DA52624E9F400542A66 /* AppDelegate.swift */ = {isa = PBXFileReference; lastKnownFileType = sourcecode.swift; path = AppDelegate.swift; sourceTree = "<group>"; };
		D7D39DA72624E9F400542A66 /* SceneDelegate.swift */ = {isa = PBXFileReference; lastKnownFileType = sourcecode.swift; path = SceneDelegate.swift; sourceTree = "<group>"; };
		D7D39DA92624E9F400542A66 /* ViewController.swift */ = {isa = PBXFileReference; lastKnownFileType = sourcecode.swift; path = ViewController.swift; sourceTree = "<group>"; };
		D7D39DAC2624E9F400542A66 /* Base */ = {isa = PBXFileReference; lastKnownFileType = file.storyboard; name = Base; path = Base.lproj/Main.storyboard; sourceTree = "<group>"; };
		D7D39DAE2624E9F700542A66 /* Assets.xcassets */ = {isa = PBXFileReference; lastKnownFileType = folder.assetcatalog; path = Assets.xcassets; sourceTree = "<group>"; };
		D7D39DB12624E9F700542A66 /* Base */ = {isa = PBXFileReference; lastKnownFileType = file.storyboard; name = Base; path = Base.lproj/LaunchScreen.storyboard; sourceTree = "<group>"; };
		D7D39DB32624E9F700542A66 /* Info.plist */ = {isa = PBXFileReference; lastKnownFileType = text.plist.xml; path = Info.plist; sourceTree = "<group>"; };
		D7D39DBB26259D7E00542A66 /* ListEmployeeViewController.swift */ = {isa = PBXFileReference; lastKnownFileType = sourcecode.swift; path = ListEmployeeViewController.swift; sourceTree = "<group>"; };
		D7D39DBF2625A04200542A66 /* Person.swift */ = {isa = PBXFileReference; lastKnownFileType = sourcecode.swift; path = Person.swift; sourceTree = "<group>"; };
		D7D39DC72626E2C000542A66 /* DitailsTableViewController.swift */ = {isa = PBXFileReference; lastKnownFileType = sourcecode.swift; path = DitailsTableViewController.swift; sourceTree = "<group>"; };
		D7D39DCA2626EAFE00542A66 /* Manager.swift */ = {isa = PBXFileReference; lastKnownFileType = sourcecode.swift; path = Manager.swift; sourceTree = "<group>"; };
		D7D39DD126276DF700542A66 /* DitailsViewController.swift */ = {isa = PBXFileReference; lastKnownFileType = sourcecode.swift; path = DitailsViewController.swift; sourceTree = "<group>"; };
/* End PBXFileReference section */

/* Begin PBXFrameworksBuildPhase section */
		D7D39D9F2624E9F400542A66 /* Frameworks */ = {
			isa = PBXFrameworksBuildPhase;
			buildActionMask = 2147483647;
			files = (
			);
			runOnlyForDeploymentPostprocessing = 0;
		};
/* End PBXFrameworksBuildPhase section */

/* Begin PBXGroup section */
		D7D39D992624E9F400542A66 = {
			isa = PBXGroup;
			children = (
				D7D39DA42624E9F400542A66 /* randomEmployee */,
				D7D39DA32624E9F400542A66 /* Products */,
			);
			sourceTree = "<group>";
		};
		D7D39DA32624E9F400542A66 /* Products */ = {
			isa = PBXGroup;
			children = (
				D7D39DA22624E9F400542A66 /* randomEmployee.app */,
			);
			name = Products;
			sourceTree = "<group>";
		};
		D7D39DA42624E9F400542A66 /* randomEmployee */ = {
			isa = PBXGroup;
			children = (
				D7D39DC52626DA3200542A66 /* Stroryboards */,
				D7D39DC32625A90100542A66 /* ViewControllers */,
				D7D39DC22625A8E700542A66 /* Model */,
				D7D39DA52624E9F400542A66 /* AppDelegate.swift */,
				D7D39DA72624E9F400542A66 /* SceneDelegate.swift */,
				D7D39DAE2624E9F700542A66 /* Assets.xcassets */,
				D7D39DB32624E9F700542A66 /* Info.plist */,
			);
			path = randomEmployee;
			sourceTree = "<group>";
		};
		D7D39DC22625A8E700542A66 /* Model */ = {
			isa = PBXGroup;
			children = (
				D7D39DBF2625A04200542A66 /* Person.swift */,
				D7D39DCA2626EAFE00542A66 /* Manager.swift */,
			);
			path = Model;
			sourceTree = "<group>";
		};
		D7D39DC32625A90100542A66 /* ViewControllers */ = {
			isa = PBXGroup;
			children = (
				D7D39DA92624E9F400542A66 /* ViewController.swift */,
				D7D39DBB26259D7E00542A66 /* ListEmployeeViewController.swift */,
				D7D39DC72626E2C000542A66 /* DitailsTableViewController.swift */,
				D7D39DD126276DF700542A66 /* DitailsViewController.swift */,
			);
			path = ViewControllers;
			sourceTree = "<group>";
		};
		D7D39DC52626DA3200542A66 /* Stroryboards */ = {
			isa = PBXGroup;
			children = (
				D7D39DAB2624E9F400542A66 /* Main.storyboard */,
				D7D39DB02624E9F700542A66 /* LaunchScreen.storyboard */,
			);
			path = Stroryboards;
			sourceTree = "<group>";
		};
/* End PBXGroup section */

/* Begin PBXNativeTarget section */
		D7D39DA12624E9F400542A66 /* randomEmployee */ = {
			isa = PBXNativeTarget;
			buildConfigurationList = D7D39DB62624E9F700542A66 /* Build configuration list for PBXNativeTarget "randomEmployee" */;
			buildPhases = (
				D7D39D9E2624E9F400542A66 /* Sources */,
				D7D39D9F2624E9F400542A66 /* Frameworks */,
				D7D39DA02624E9F400542A66 /* Resources */,
			);
			buildRules = (
			);
			dependencies = (
			);
			name = randomEmployee;
			productName = randomEmployee;
			productReference = D7D39DA22624E9F400542A66 /* randomEmployee.app */;
			productType = "com.apple.product-type.application";
		};
/* End PBXNativeTarget section */

/* Begin PBXProject section */
		D7D39D9A2624E9F400542A66 /* Project object */ = {
			isa = PBXProject;
			attributes = {
				LastSwiftUpdateCheck = 1240;
				LastUpgradeCheck = 1240;
				TargetAttributes = {
					D7D39DA12624E9F400542A66 = {
						CreatedOnToolsVersion = 12.4;
					};
				};
			};
			buildConfigurationList = D7D39D9D2624E9F400542A66 /* Build configuration list for PBXProject "randomEmployee" */;
			compatibilityVersion = "Xcode 9.3";
			developmentRegion = en;
			hasScannedForEncodings = 0;
			knownRegions = (
				en,
				Base,
			);
			mainGroup = D7D39D992624E9F400542A66;
			productRefGroup = D7D39DA32624E9F400542A66 /* Products */;
			projectDirPath = "";
			projectRoot = "";
			targets = (
				D7D39DA12624E9F400542A66 /* randomEmployee */,
			);
		};
/* End PBXProject section */

/* Begin PBXResourcesBuildPhase section */
		D7D39DA02624E9F400542A66 /* Resources */ = {
			isa = PBXResourcesBuildPhase;
			buildActionMask = 2147483647;
			files = (
				D7D39DB22624E9F700542A66 /* LaunchScreen.storyboard in Resources */,
				D7D39DAF2624E9F700542A66 /* Assets.xcassets in Resources */,
				D7D39DAD2624E9F400542A66 /* Main.storyboard in Resources */,
			);
			runOnlyForDeploymentPostprocessing = 0;
		};
/* End PBXResourcesBuildPhase section */

/* Begin PBXSourcesBuildPhase section */
		D7D39D9E2624E9F400542A66 /* Sources */ = {
			isa = PBXSourcesBuildPhase;
			buildActionMask = 2147483647;
			files = (
				D7D39DC02625A04200542A66 /* Person.swift in Sources */,
				D7D39DBC26259D7E00542A66 /* ListEmployeeViewController.swift in Sources */,
				D7D39DC82626E2C000542A66 /* DitailsTableViewController.swift in Sources */,
				D7D39DAA2624E9F400542A66 /* ViewController.swift in Sources */,
				D7D39DCB2626EAFE00542A66 /* Manager.swift in Sources */,
				D7D39DA62624E9F400542A66 /* AppDelegate.swift in Sources */,
				D7D39DA82624E9F400542A66 /* SceneDelegate.swift in Sources */,
				D7D39DD226276DF700542A66 /* DitailsViewController.swift in Sources */,
			);
			runOnlyForDeploymentPostprocessing = 0;
		};
/* End PBXSourcesBuildPhase section */

/* Begin PBXVariantGroup section */
		D7D39DAB2624E9F400542A66 /* Main.storyboard */ = {
			isa = PBXVariantGroup;
			children = (
				D7D39DAC2624E9F400542A66 /* Base */,
			);
			name = Main.storyboard;
			sourceTree = "<group>";
		};
		D7D39DB02624E9F700542A66 /* LaunchScreen.storyboard */ = {
			isa = PBXVariantGroup;
			children = (
				D7D39DB12624E9F700542A66 /* Base */,
			);
			name = LaunchScreen.storyboard;
			sourceTree = "<group>";
		};
/* End PBXVariantGroup section */

/* Begin XCBuildConfiguration section */
		D7D39DB42624E9F700542A66 /* Debug */ = {
			isa = XCBuildConfiguration;
			buildSettings = {
				ALWAYS_SEARCH_USER_PATHS = NO;
				CLANG_ANALYZER_NONNULL = YES;
				CLANG_ANALYZER_NUMBER_OBJECT_CONVERSION = YES_AGGRESSIVE;
				CLANG_CXX_LANGUAGE_STANDARD = "gnu++14";
				CLANG_CXX_LIBRARY = "libc++";
				CLANG_ENABLE_MODULES = YES;
				CLANG_ENABLE_OBJC_ARC = YES;
				CLANG_ENABLE_OBJC_WEAK = YES;
				CLANG_WARN_BLOCK_CAPTURE_AUTORELEASING = YES;
				CLANG_WARN_BOOL_CONVERSION = YES;
				CLANG_WARN_COMMA = YES;
				CLANG_WARN_CONSTANT_CONVERSION = YES;
				CLANG_WARN_DEPRECATED_OBJC_IMPLEMENTATIONS = YES;
				CLANG_WARN_DIRECT_OBJC_ISA_USAGE = YES_ERROR;
				CLANG_WARN_DOCUMENTATION_COMMENTS = YES;
				CLANG_WARN_EMPTY_BODY = YES;
				CLANG_WARN_ENUM_CONVERSION = YES;
				CLANG_WARN_INFINITE_RECURSION = YES;
				CLANG_WARN_INT_CONVERSION = YES;
				CLANG_WARN_NON_LITERAL_NULL_CONVERSION = YES;
				CLANG_WARN_OBJC_IMPLICIT_RETAIN_SELF = YES;
				CLANG_WARN_OBJC_LITERAL_CONVERSION = YES;
				CLANG_WARN_OBJC_ROOT_CLASS = YES_ERROR;
				CLANG_WARN_QUOTED_INCLUDE_IN_FRAMEWORK_HEADER = YES;
				CLANG_WARN_RANGE_LOOP_ANALYSIS = YES;
				CLANG_WARN_STRICT_PROTOTYPES = YES;
				CLANG_WARN_SUSPICIOUS_MOVE = YES;
				CLANG_WARN_UNGUARDED_AVAILABILITY = YES_AGGRESSIVE;
				CLANG_WARN_UNREACHABLE_CODE = YES;
				CLANG_WARN__DUPLICATE_METHOD_MATCH = YES;
				COPY_PHASE_STRIP = NO;
				DEBUG_INFORMATION_FORMAT = dwarf;
				ENABLE_STRICT_OBJC_MSGSEND = YES;
				ENABLE_TESTABILITY = YES;
				GCC_C_LANGUAGE_STANDARD = gnu11;
				GCC_DYNAMIC_NO_PIC = NO;
				GCC_NO_COMMON_BLOCKS = YES;
				GCC_OPTIMIZATION_LEVEL = 0;
				GCC_PREPROCESSOR_DEFINITIONS = (
					"DEBUG=1",
					"$(inherited)",
				);
				GCC_WARN_64_TO_32_BIT_CONVERSION = YES;
				GCC_WARN_ABOUT_RETURN_TYPE = YES_ERROR;
				GCC_WARN_UNDECLARED_SELECTOR = YES;
				GCC_WARN_UNINITIALIZED_AUTOS = YES_AGGRESSIVE;
				GCC_WARN_UNUSED_FUNCTION = YES;
				GCC_WARN_UNUSED_VARIABLE = YES;
				IPHONEOS_DEPLOYMENT_TARGET = 14.4;
				MTL_ENABLE_DEBUG_INFO = INCLUDE_SOURCE;
				MTL_FAST_MATH = YES;
				ONLY_ACTIVE_ARCH = YES;
				SDKROOT = iphoneos;
				SWIFT_ACTIVE_COMPILATION_CONDITIONS = DEBUG;
				SWIFT_OPTIMIZATION_LEVEL = "-Onone";
			};
			name = Debug;
		};
		D7D39DB52624E9F700542A66 /* Release */ = {
			isa = XCBuildConfiguration;
			buildSettings = {
				ALWAYS_SEARCH_USER_PATHS = NO;
				CLANG_ANALYZER_NONNULL = YES;
				CLANG_ANALYZER_NUMBER_OBJECT_CONVERSION = YES_AGGRESSIVE;
				CLANG_CXX_LANGUAGE_STANDARD = "gnu++14";
				CLANG_CXX_LIBRARY = "libc++";
				CLANG_ENABLE_MODULES = YES;
				CLANG_ENABLE_OBJC_ARC = YES;
				CLANG_ENABLE_OBJC_WEAK = YES;
				CLANG_WARN_BLOCK_CAPTURE_AUTORELEASING = YES;
				CLANG_WARN_BOOL_CONVERSION = YES;
				CLANG_WARN_COMMA = YES;
				CLANG_WARN_CONSTANT_CONVERSION = YES;
				CLANG_WARN_DEPRECATED_OBJC_IMPLEMENTATIONS = YES;
				CLANG_WARN_DIRECT_OBJC_ISA_USAGE = YES_ERROR;
				CLANG_WARN_DOCUMENTATION_COMMENTS = YES;
				CLANG_WARN_EMPTY_BODY = YES;
				CLANG_WARN_ENUM_CONVERSION = YES;
				CLANG_WARN_INFINITE_RECURSION = YES;
				CLANG_WARN_INT_CONVERSION = YES;
				CLANG_WARN_NON_LITERAL_NULL_CONVERSION = YES;
				CLANG_WARN_OBJC_IMPLICIT_RETAIN_SELF = YES;
				CLANG_WARN_OBJC_LITERAL_CONVERSION = YES;
				CLANG_WARN_OBJC_ROOT_CLASS = YES_ERROR;
				CLANG_WARN_QUOTED_INCLUDE_IN_FRAMEWORK_HEADER = YES;
				CLANG_WARN_RANGE_LOOP_ANALYSIS = YES;
				CLANG_WARN_STRICT_PROTOTYPES = YES;
				CLANG_WARN_SUSPICIOUS_MOVE = YES;
				CLANG_WARN_UNGUARDED_AVAILABILITY = YES_AGGRESSIVE;
				CLANG_WARN_UNREACHABLE_CODE = YES;
				CLANG_WARN__DUPLICATE_METHOD_MATCH = YES;
				COPY_PHASE_STRIP = NO;
				DEBUG_INFORMATION_FORMAT = "dwarf-with-dsym";
				ENABLE_NS_ASSERTIONS = NO;
				ENABLE_STRICT_OBJC_MSGSEND = YES;
				GCC_C_LANGUAGE_STANDARD = gnu11;
				GCC_NO_COMMON_BLOCKS = YES;
				GCC_WARN_64_TO_32_BIT_CONVERSION = YES;
				GCC_WARN_ABOUT_RETURN_TYPE = YES_ERROR;
				GCC_WARN_UNDECLARED_SELECTOR = YES;
				GCC_WARN_UNINITIALIZED_AUTOS = YES_AGGRESSIVE;
				GCC_WARN_UNUSED_FUNCTION = YES;
				GCC_WARN_UNUSED_VARIABLE = YES;
				IPHONEOS_DEPLOYMENT_TARGET = 14.4;
				MTL_ENABLE_DEBUG_INFO = NO;
				MTL_FAST_MATH = YES;
				SDKROOT = iphoneos;
				SWIFT_COMPILATION_MODE = wholemodule;
				SWIFT_OPTIMIZATION_LEVEL = "-O";
				VALIDATE_PRODUCT = YES;
			};
			name = Release;
		};
		D7D39DB72624E9F700542A66 /* Debug */ = {
			isa = XCBuildConfiguration;
			buildSettings = {
				ASSETCATALOG_COMPILER_APPICON_NAME = AppIcon;
				ASSETCATALOG_COMPILER_GLOBAL_ACCENT_COLOR_NAME = AccentColor;
				CODE_SIGN_STYLE = Automatic;
				DEVELOPMENT_TEAM = 3M9TNH7XM2;
				INFOPLIST_FILE = randomEmployee/Info.plist;
				LD_RUNPATH_SEARCH_PATHS = (
					"$(inherited)",
					"@executable_path/Frameworks",
				);
				PRODUCT_BUNDLE_IDENTIFIER = DevDev.randomEmployee;
				PRODUCT_NAME = "$(TARGET_NAME)";
				SWIFT_VERSION = 5.0;
				TARGETED_DEVICE_FAMILY = "1,2";
			};
			name = Debug;
		};
		D7D39DB82624E9F700542A66 /* Release */ = {
			isa = XCBuildConfiguration;
			buildSettings = {
				ASSETCATALOG_COMPILER_APPICON_NAME = AppIcon;
				ASSETCATALOG_COMPILER_GLOBAL_ACCENT_COLOR_NAME = AccentColor;
				CODE_SIGN_STYLE = Automatic;
				DEVELOPMENT_TEAM = 3M9TNH7XM2;
				INFOPLIST_FILE = randomEmployee/Info.plist;
				LD_RUNPATH_SEARCH_PATHS = (
					"$(inherited)",
					"@executable_path/Frameworks",
				);
				PRODUCT_BUNDLE_IDENTIFIER = DevDev.randomEmployee;
				PRODUCT_NAME = "$(TARGET_NAME)";
				SWIFT_VERSION = 5.0;
				TARGETED_DEVICE_FAMILY = "1,2";
			};
			name = Release;
		};
/* End XCBuildConfiguration section */

/* Begin XCConfigurationList section */
		D7D39D9D2624E9F400542A66 /* Build configuration list for PBXProject "randomEmployee" */ = {
			isa = XCConfigurationList;
			buildConfigurations = (
				D7D39DB42624E9F700542A66 /* Debug */,
				D7D39DB52624E9F700542A66 /* Release */,
			);
			defaultConfigurationIsVisible = 0;
			defaultConfigurationName = Release;
		};
		D7D39DB62624E9F700542A66 /* Build configuration list for PBXNativeTarget "randomEmployee" */ = {
			isa = XCConfigurationList;
			buildConfigurations = (
				D7D39DB72624E9F700542A66 /* Debug */,
				D7D39DB82624E9F700542A66 /* Release */,
			);
			defaultConfigurationIsVisible = 0;
			defaultConfigurationName = Release;
		};
/* End XCConfigurationList section */
	};
	rootObject = D7D39D9A2624E9F400542A66 /* Project object */;
}
